
Microsoft Visual Studio Solution File, Format Version 12.00
# Visual Studio Version 17
VisualStudioVersion = 17.13.35919.96 d17.13
MinimumVisualStudioVersion = 10.0.40219.1
Project("{FAE04EC0-301F-11D3-BF4B-00C04F79EFBC}") = "Proiect", "Proiect\Proiect.csproj", "{693A4854-0933-4AE0-B9AA-123EE37064F3}"
EndProject
Global
	GlobalSection(SolutionConfigurationPlatforms) = preSolution
		Debug|Any CPU = Debug|Any CPU
		Release|Any CPU = Release|Any CPU
	EndGlobalSection
	GlobalSection(ProjectConfigurationPlatforms) = postSolution
		{693A4854-0933-4AE0-B9AA-123EE37064F3}.Debug|Any CPU.ActiveCfg = Debug|Any CPU
		{693A4854-0933-4AE0-B9AA-123EE37064F3}.Debug|Any CPU.Build.0 = Debug|Any CPU
		{693A4854-0933-4AE0-B9AA-123EE37064F3}.Release|Any CPU.ActiveCfg = Release|Any CPU
		{693A4854-0933-4AE0-B9AA-123EE37064F3}.Release|Any CPU.Build.0 = Release|Any CPU
	EndGlobalSection
	GlobalSection(SolutionProperties) = preSolution
		HideSolutionNode = FALSE
	EndGlobalSection
	GlobalSection(ExtensibilityGlobals) = postSolution
		SolutionGuid = {316187B1-CB30-42B7-9384-BAA7002B6199}
	EndGlobalSection
EndGlobal
